{
  "nodes": {
    "nixpkgs": {
      "locked": {
        "lastModified": 1648712400,
        "narHash": "sha256-BSTdph+uxiZldzRhL6RXGls2t9IpspP5940S4dkSqJ0=",
        "owner": "nixos",
        "repo": "nixpkgs",
        "rev": "36436ac2feb0f0e25bda6c40f447066dcece5d38",
        "type": "github"
      },
      "original": {
        "owner": "nixos",
        "repo": "nixpkgs",
        "type": "github"
      }
    },
    "root": {
      "inputs": {
        "nixpkgs": "nixpkgs"
      }
    }
  },
  "root": "root",
  "version": 7
}
